// !$*UTF8*$!
{
	archiveVersion = 1;
	classes = {
	};
	objectVersion = 50;
	objects = {

/* Begin PBXBuildFile section */
		F585D0D0265D18870080BC0D /* AppDelegate.swift in Sources */ = {isa = PBXBuildFile; fileRef = F585D0CF265D18870080BC0D /* AppDelegate.swift */; };
		F585D0D2265D18870080BC0D /* SceneDelegate.swift in Sources */ = {isa = PBXBuildFile; fileRef = F585D0D1265D18870080BC0D /* SceneDelegate.swift */; };
		F585D0D4265D18870080BC0D /* ViewController.swift in Sources */ = {isa = PBXBuildFile; fileRef = F585D0D3265D18870080BC0D /* ViewController.swift */; };
		F585D0D7265D18870080BC0D /* Main.storyboard in Resources */ = {isa = PBXBuildFile; fileRef = F585D0D5265D18870080BC0D /* Main.storyboard */; };
		F585D0D9265D188C0080BC0D /* Assets.xcassets in Resources */ = {isa = PBXBuildFile; fileRef = F585D0D8265D188C0080BC0D /* Assets.xcassets */; };
		F585D0DC265D188D0080BC0D /* LaunchScreen.storyboard in Resources */ = {isa = PBXBuildFile; fileRef = F585D0DA265D188C0080BC0D /* LaunchScreen.storyboard */; };
		F585D0E6265E63DD0080BC0D /* Question.swift in Sources */ = {isa = PBXBuildFile; fileRef = F585D0E5265E63DD0080BC0D /* Question.swift */; };
/* End PBXBuildFile section */

/* Begin PBXFileReference section */
		F585D0CC265D18870080BC0D /* Personal_quiz.app */ = {isa = PBXFileReference; explicitFileType = wrapper.application; includeInIndex = 0; path = Personal_quiz.app; sourceTree = BUILT_PRODUCTS_DIR; };
		F585D0CF265D18870080BC0D /* AppDelegate.swift */ = {isa = PBXFileReference; lastKnownFileType = sourcecode.swift; path = AppDelegate.swift; sourceTree = "<group>"; };
		F585D0D1265D18870080BC0D /* SceneDelegate.swift */ = {isa = PBXFileReference; lastKnownFileType = sourcecode.swift; path = SceneDelegate.swift; sourceTree = "<group>"; };
		F585D0D3265D18870080BC0D /* ViewController.swift */ = {isa = PBXFileReference; lastKnownFileType = sourcecode.swift; path = ViewController.swift; sourceTree = "<group>"; };
		F585D0D6265D18870080BC0D /* Base */ = {isa = PBXFileReference; lastKnownFileType = file.storyboard; name = Base; path = Base.lproj/Main.storyboard; sourceTree = "<group>"; };
		F585D0D8265D188C0080BC0D /* Assets.xcassets */ = {isa = PBXFileReference; lastKnownFileType = folder.assetcatalog; path = Assets.xcassets; sourceTree = "<group>"; };
		F585D0DB265D188D0080BC0D /* Base */ = {isa = PBXFileReference; lastKnownFileType = file.storyboard; name = Base; path = Base.lproj/LaunchScreen.storyboard; sourceTree = "<group>"; };
		F585D0DD265D188D0080BC0D /* Info.plist */ = {isa = PBXFileReference; lastKnownFileType = text.plist.xml; path = Info.plist; sourceTree = "<group>"; };
		F585D0E5265E63DD0080BC0D /* Question.swift */ = {isa = PBXFileReference; lastKnownFileType = sourcecode.swift; path = Question.swift; sourceTree = "<group>"; };
/* End PBXFileReference section */

/* Begin PBXFrameworksBuildPhase section */
		F585D0C9265D18870080BC0D /* Frameworks */ = {
			isa = PBXFrameworksBuildPhase;
			buildActionMask = 2147483647;
			files = (
			);
			runOnlyForDeploymentPostprocessing = 0;
		};
/* End PBXFrameworksBuildPhase section */

/* Begin PBXGroup section */
		F585D0C3265D18870080BC0D = {
			isa = PBXGroup;
			children = (
				F585D0CE265D18870080BC0D /* Personal_quiz */,
				F585D0CD265D18870080BC0D /* Products */,
			);
			sourceTree = "<group>";
		};
		F585D0CD265D18870080BC0D /* Products */ = {
			isa = PBXGroup;
			children = (
				F585D0CC265D18870080BC0D /* Personal_quiz.app */,
			);
			name = Products;
			sourceTree = "<group>";
		};
		F585D0CE265D18870080BC0D /* Personal_quiz */ = {
			isa = PBXGroup;
			children = (
				F585D0DD265D188D0080BC0D /* Info.plist */,
				F585D0EC265E646E0080BC0D /* View */,
				F585D0ED265E64AF0080BC0D /* Supporting Files */,
				F585D0E8265E641B0080BC0D /* Controller */,
				F585D0EA265E64240080BC0D /* Model */,
				F585D0EF265E66160080BC0D /* Resources */,
			);
			path = Personal_quiz;
			sourceTree = "<group>";
		};
		F585D0E8265E641B0080BC0D /* Controller */ = {
			isa = PBXGroup;
			children = (
				F585D0D3265D18870080BC0D /* ViewController.swift */,
			);
			path = Controller;
			sourceTree = "<group>";
		};
		F585D0EA265E64240080BC0D /* Model */ = {
			isa = PBXGroup;
			children = (
				F585D0E5265E63DD0080BC0D /* Question.swift */,
			);
			path = Model;
			sourceTree = "<group>";
		};
		F585D0EC265E646E0080BC0D /* View */ = {
			isa = PBXGroup;
			children = (
				F585D0D5265D18870080BC0D /* Main.storyboard */,
				F585D0DA265D188C0080BC0D /* LaunchScreen.storyboard */,
			);
			path = View;
			sourceTree = "<group>";
		};
		F585D0ED265E64AF0080BC0D /* Supporting Files */ = {
			isa = PBXGroup;
			children = (
				F585D0CF265D18870080BC0D /* AppDelegate.swift */,
				F585D0D1265D18870080BC0D /* SceneDelegate.swift */,
			);
			path = "Supporting Files";
			sourceTree = "<group>";
		};
		F585D0EF265E66160080BC0D /* Resources */ = {
			isa = PBXGroup;
			children = (
				F585D0D8265D188C0080BC0D /* Assets.xcassets */,
			);
			path = Resources;
			sourceTree = "<group>";
		};
/* End PBXGroup section */

/* Begin PBXNativeTarget section */
		F585D0CB265D18870080BC0D /* Personal_quiz */ = {
			isa = PBXNativeTarget;
			buildConfigurationList = F585D0E0265D188D0080BC0D /* Build configuration list for PBXNativeTarget "Personal_quiz" */;
			buildPhases = (
				F585D0C8265D18870080BC0D /* Sources */,
				F585D0C9265D18870080BC0D /* Frameworks */,
				F585D0CA265D18870080BC0D /* Resources */,
			);
			buildRules = (
			);
			dependencies = (
			);
			name = Personal_quiz;
			productName = Personal_quiz;
			productReference = F585D0CC265D18870080BC0D /* Personal_quiz.app */;
			productType = "com.apple.product-type.application";
		};
/* End PBXNativeTarget section */

/* Begin PBXProject section */
		F585D0C4265D18870080BC0D /* Project object */ = {
			isa = PBXProject;
			attributes = {
				LastSwiftUpdateCheck = 1240;
				LastUpgradeCheck = 1240;
				TargetAttributes = {
					F585D0CB265D18870080BC0D = {
						CreatedOnToolsVersion = 12.4;
					};
				};
			};
			buildConfigurationList = F585D0C7265D18870080BC0D /* Build configuration list for PBXProject "Personal_quiz" */;
			compatibilityVersion = "Xcode 9.3";
			developmentRegion = en;
			hasScannedForEncodings = 0;
			knownRegions = (
				en,
				Base,
			);
			mainGroup = F585D0C3265D18870080BC0D;
			productRefGroup = F585D0CD265D18870080BC0D /* Products */;
			projectDirPath = "";
			projectRoot = "";
			targets = (
				F585D0CB265D18870080BC0D /* Personal_quiz */,
			);
		};
/* End PBXProject section */

/* Begin PBXResourcesBuildPhase section */
		F585D0CA265D18870080BC0D /* Resources */ = {
			isa = PBXResourcesBuildPhase;
			buildActionMask = 2147483647;
			files = (
				F585D0DC265D188D0080BC0D /* LaunchScreen.storyboard in Resources */,
				F585D0D9265D188C0080BC0D /* Assets.xcassets in Resources */,
				F585D0D7265D18870080BC0D /* Main.storyboard in Resources */,
			);
			runOnlyForDeploymentPostprocessing = 0;
		};
/* End PBXResourcesBuildPhase section */

/* Begin PBXSourcesBuildPhase section */
		F585D0C8265D18870080BC0D /* Sources */ = {
			isa = PBXSourcesBuildPhase;
			buildActionMask = 2147483647;
			files = (
				F585D0D4265D18870080BC0D /* ViewController.swift in Sources */,
				F585D0E6265E63DD0080BC0D /* Question.swift in Sources */,
				F585D0D0265D18870080BC0D /* AppDelegate.swift in Sources */,
				F585D0D2265D18870080BC0D /* SceneDelegate.swift in Sources */,
			);
			runOnlyForDeploymentPostprocessing = 0;
		};
/* End PBXSourcesBuildPhase section */

/* Begin PBXVariantGroup section */
		F585D0D5265D18870080BC0D /* Main.storyboard */ = {
			isa = PBXVariantGroup;
			children = (
				F585D0D6265D18870080BC0D /* Base */,
			);
			name = Main.storyboard;
			sourceTree = "<group>";
		};
		F585D0DA265D188C0080BC0D /* LaunchScreen.storyboard */ = {
			isa = PBXVariantGroup;
			children = (
				F585D0DB265D188D0080BC0D /* Base */,
			);
			name = LaunchScreen.storyboard;
			sourceTree = "<group>";
		};
/* End PBXVariantGroup section */

/* Begin XCBuildConfiguration section */
		F585D0DE265D188D0080BC0D /* Debug */ = {
			isa = XCBuildConfiguration;
			buildSettings = {
				ALWAYS_SEARCH_USER_PATHS = NO;
				CLANG_ANALYZER_NONNULL = YES;
				CLANG_ANALYZER_NUMBER_OBJECT_CONVERSION = YES_AGGRESSIVE;
				CLANG_CXX_LANGUAGE_STANDARD = "gnu++14";
				CLANG_CXX_LIBRARY = "libc++";
				CLANG_ENABLE_MODULES = YES;
				CLANG_ENABLE_OBJC_ARC = YES;
				CLANG_ENABLE_OBJC_WEAK = YES;
				CLANG_WARN_BLOCK_CAPTURE_AUTORELEASING = YES;
				CLANG_WARN_BOOL_CONVERSION = YES;
				CLANG_WARN_COMMA = YES;
				CLANG_WARN_CONSTANT_CONVERSION = YES;
				CLANG_WARN_DEPRECATED_OBJC_IMPLEMENTATIONS = YES;
				CLANG_WARN_DIRECT_OBJC_ISA_USAGE = YES_ERROR;
				CLANG_WARN_DOCUMENTATION_COMMENTS = YES;
				CLANG_WARN_EMPTY_BODY = YES;
				CLANG_WARN_ENUM_CONVERSION = YES;
				CLANG_WARN_INFINITE_RECURSION = YES;
				CLANG_WARN_INT_CONVERSION = YES;
				CLANG_WARN_NON_LITERAL_NULL_CONVERSION = YES;
				CLANG_WARN_OBJC_IMPLICIT_RETAIN_SELF = YES;
				CLANG_WARN_OBJC_LITERAL_CONVERSION = YES;
				CLANG_WARN_OBJC_ROOT_CLASS = YES_ERROR;
				CLANG_WARN_QUOTED_INCLUDE_IN_FRAMEWORK_HEADER = YES;
				CLANG_WARN_RANGE_LOOP_ANALYSIS = YES;
				CLANG_WARN_STRICT_PROTOTYPES = YES;
				CLANG_WARN_SUSPICIOUS_MOVE = YES;
				CLANG_WARN_UNGUARDED_AVAILABILITY = YES_AGGRESSIVE;
				CLANG_WARN_UNREACHABLE_CODE = YES;
				CLANG_WARN__DUPLICATE_METHOD_MATCH = YES;
				COPY_PHASE_STRIP = NO;
				DEBUG_INFORMATION_FORMAT = dwarf;
				ENABLE_STRICT_OBJC_MSGSEND = YES;
				ENABLE_TESTABILITY = YES;
				GCC_C_LANGUAGE_STANDARD = gnu11;
				GCC_DYNAMIC_NO_PIC = NO;
				GCC_NO_COMMON_BLOCKS = YES;
				GCC_OPTIMIZATION_LEVEL = 0;
				GCC_PREPROCESSOR_DEFINITIONS = (
					"DEBUG=1",
					"$(inherited)",
				);
				GCC_WARN_64_TO_32_BIT_CONVERSION = YES;
				GCC_WARN_ABOUT_RETURN_TYPE = YES_ERROR;
				GCC_WARN_UNDECLARED_SELECTOR = YES;
				GCC_WARN_UNINITIALIZED_AUTOS = YES_AGGRESSIVE;
				GCC_WARN_UNUSED_FUNCTION = YES;
				GCC_WARN_UNUSED_VARIABLE = YES;
				IPHONEOS_DEPLOYMENT_TARGET = 14.4;
				MTL_ENABLE_DEBUG_INFO = INCLUDE_SOURCE;
				MTL_FAST_MATH = YES;
				ONLY_ACTIVE_ARCH = YES;
				SDKROOT = iphoneos;
				SWIFT_ACTIVE_COMPILATION_CONDITIONS = DEBUG;
				SWIFT_OPTIMIZATION_LEVEL = "-Onone";
			};
			name = Debug;
		};
		F585D0DF265D188D0080BC0D /* Release */ = {
			isa = XCBuildConfiguration;
			buildSettings = {
				ALWAYS_SEARCH_USER_PATHS = NO;
				CLANG_ANALYZER_NONNULL = YES;
				CLANG_ANALYZER_NUMBER_OBJECT_CONVERSION = YES_AGGRESSIVE;
				CLANG_CXX_LANGUAGE_STANDARD = "gnu++14";
				CLANG_CXX_LIBRARY = "libc++";
				CLANG_ENABLE_MODULES = YES;
				CLANG_ENABLE_OBJC_ARC = YES;
				CLANG_ENABLE_OBJC_WEAK = YES;
				CLANG_WARN_BLOCK_CAPTURE_AUTORELEASING = YES;
				CLANG_WARN_BOOL_CONVERSION = YES;
				CLANG_WARN_COMMA = YES;
				CLANG_WARN_CONSTANT_CONVERSION = YES;
				CLANG_WARN_DEPRECATED_OBJC_IMPLEMENTATIONS = YES;
				CLANG_WARN_DIRECT_OBJC_ISA_USAGE = YES_ERROR;
				CLANG_WARN_DOCUMENTATION_COMMENTS = YES;
				CLANG_WARN_EMPTY_BODY = YES;
				CLANG_WARN_ENUM_CONVERSION = YES;
				CLANG_WARN_INFINITE_RECURSION = YES;
				CLANG_WARN_INT_CONVERSION = YES;
				CLANG_WARN_NON_LITERAL_NULL_CONVERSION = YES;
				CLANG_WARN_OBJC_IMPLICIT_RETAIN_SELF = YES;
				CLANG_WARN_OBJC_LITERAL_CONVERSION = YES;
				CLANG_WARN_OBJC_ROOT_CLASS = YES_ERROR;
				CLANG_WARN_QUOTED_INCLUDE_IN_FRAMEWORK_HEADER = YES;
				CLANG_WARN_RANGE_LOOP_ANALYSIS = YES;
				CLANG_WARN_STRICT_PROTOTYPES = YES;
				CLANG_WARN_SUSPICIOUS_MOVE = YES;
				CLANG_WARN_UNGUARDED_AVAILABILITY = YES_AGGRESSIVE;
				CLANG_WARN_UNREACHABLE_CODE = YES;
				CLANG_WARN__DUPLICATE_METHOD_MATCH = YES;
				COPY_PHASE_STRIP = NO;
				DEBUG_INFORMATION_FORMAT = "dwarf-with-dsym";
				ENABLE_NS_ASSERTIONS = NO;
				ENABLE_STRICT_OBJC_MSGSEND = YES;
				GCC_C_LANGUAGE_STANDARD = gnu11;
				GCC_NO_COMMON_BLOCKS = YES;
				GCC_WARN_64_TO_32_BIT_CONVERSION = YES;
				GCC_WARN_ABOUT_RETURN_TYPE = YES_ERROR;
				GCC_WARN_UNDECLARED_SELECTOR = YES;
				GCC_WARN_UNINITIALIZED_AUTOS = YES_AGGRESSIVE;
				GCC_WARN_UNUSED_FUNCTION = YES;
				GCC_WARN_UNUSED_VARIABLE = YES;
				IPHONEOS_DEPLOYMENT_TARGET = 14.4;
				MTL_ENABLE_DEBUG_INFO = NO;
				MTL_FAST_MATH = YES;
				SDKROOT = iphoneos;
				SWIFT_COMPILATION_MODE = wholemodule;
				SWIFT_OPTIMIZATION_LEVEL = "-O";
				VALIDATE_PRODUCT = YES;
			};
			name = Release;
		};
		F585D0E1265D188D0080BC0D /* Debug */ = {
			isa = XCBuildConfiguration;
			buildSettings = {
				ASSETCATALOG_COMPILER_APPICON_NAME = AppIcon;
				ASSETCATALOG_COMPILER_GLOBAL_ACCENT_COLOR_NAME = AccentColor;
				CODE_SIGN_STYLE = Automatic;
				DEVELOPMENT_TEAM = 2MWMY8N7DT;
				INFOPLIST_FILE = Personal_quiz/Info.plist;
				IPHONEOS_DEPLOYMENT_TARGET = 14.1;
				LD_RUNPATH_SEARCH_PATHS = (
					"$(inherited)",
					"@executable_path/Frameworks",
				);
				PRODUCT_BUNDLE_IDENTIFIER = "com.vzinevich.Personal-quiz";
				PRODUCT_NAME = "$(TARGET_NAME)";
				SWIFT_VERSION = 5.0;
				TARGETED_DEVICE_FAMILY = "1,2";
			};
			name = Debug;
		};
		F585D0E2265D188D0080BC0D /* Release */ = {
			isa = XCBuildConfiguration;
			buildSettings = {
				ASSETCATALOG_COMPILER_APPICON_NAME = AppIcon;
				ASSETCATALOG_COMPILER_GLOBAL_ACCENT_COLOR_NAME = AccentColor;
				CODE_SIGN_STYLE = Automatic;
				DEVELOPMENT_TEAM = 2MWMY8N7DT;
				INFOPLIST_FILE = Personal_quiz/Info.plist;
				IPHONEOS_DEPLOYMENT_TARGET = 14.1;
				LD_RUNPATH_SEARCH_PATHS = (
					"$(inherited)",
					"@executable_path/Frameworks",
				);
				PRODUCT_BUNDLE_IDENTIFIER = "com.vzinevich.Personal-quiz";
				PRODUCT_NAME = "$(TARGET_NAME)";
				SWIFT_VERSION = 5.0;
				TARGETED_DEVICE_FAMILY = "1,2";
			};
			name = Release;
		};
/* End XCBuildConfiguration section */

/* Begin XCConfigurationList section */
		F585D0C7265D18870080BC0D /* Build configuration list for PBXProject "Personal_quiz" */ = {
			isa = XCConfigurationList;
			buildConfigurations = (
				F585D0DE265D188D0080BC0D /* Debug */,
				F585D0DF265D188D0080BC0D /* Release */,
			);
			defaultConfigurationIsVisible = 0;
			defaultConfigurationName = Release;
		};
		F585D0E0265D188D0080BC0D /* Build configuration list for PBXNativeTarget "Personal_quiz" */ = {
			isa = XCConfigurationList;
			buildConfigurations = (
				F585D0E1265D188D0080BC0D /* Debug */,
				F585D0E2265D188D0080BC0D /* Release */,
			);
			defaultConfigurationIsVisible = 0;
			defaultConfigurationName = Release;
		};
/* End XCConfigurationList section */
	};
	rootObject = F585D0C4265D18870080BC0D /* Project object */;
}
